{
  "version": 4,
  "terraform_version": "0.12.6",
  "serial": 5,
  "lineage": "f0cedde0-156c-df26-8160-ac0a50d34ac4",
  "outputs": {},
  "resources": [
    {
      "mode": "managed",
      "type": "pagerduty_escalation_policy",
      "name": "autobots-esc-policy",
      "provider": "provider.pagerduty",
      "instances": []
    },
    {
      "mode": "managed",
      "type": "pagerduty_escalation_policy",
      "name": "decepticons-esc-policy",
      "provider": "provider.pagerduty",
      "instances": []
    },
    {
      "mode": "managed",
      "type": "pagerduty_schedule",
      "name": "autobots-schedule",
      "provider": "provider.pagerduty",
      "instances": []
    },
    {
      "mode": "managed",
      "type": "pagerduty_schedule",
      "name": "decepticons-schedule",
      "provider": "provider.pagerduty",
      "instances": []
    },
    {
      "mode": "managed",
      "type": "pagerduty_service",
      "name": "energon-v1",
      "provider": "provider.pagerduty",
      "instances": []
    },
    {
      "mode": "managed",
      "type": "pagerduty_service",
      "name": "ion-cannon-v1",
      "provider": "provider.pagerduty",
      "instances": []
    },
    {
      "mode": "managed",
      "type": "pagerduty_service",
      "name": "space-bridge-v1",
      "provider": "provider.pagerduty",
      "instances": []
    },
    {
      "mode": "managed",
      "type": "pagerduty_team",
      "name": "autobots",
      "provider": "provider.pagerduty",
      "instances": [
        {
          "schema_version": 0,
          "attributes": {
            "description": "Managed by Terraform",
            "id": "P89YU4V",
            "name": "Autobots"
          },
          "private": "bnVsbA=="
        }
      ]
    },
    {
      "mode": "managed",
      "type": "pagerduty_team",
      "name": "decepticons",
      "provider": "provider.pagerduty",
      "instances": [
        {
          "schema_version": 0,
          "attributes": {
            "description": "Managed by Terraform",
            "id": "POIJUGI",
            "name": "Decepticons"
          },
          "private": "bnVsbA=="
        }
      ]
    },
    {
      "mode": "managed",
      "type": "pagerduty_team",
      "name": "transformers",
      "provider": "provider.pagerduty",
      "instances": [
        {
          "schema_version": 0,
          "attributes": {
            "description": "Managed by Terraform",
            "id": "PSV7VW8",
            "name": "Transformers"
          },
          "private": "bnVsbA=="
        }
      ]
    },
    {
      "mode": "managed",
      "type": "pagerduty_user",
      "name": "cliffjumper",
      "provider": "provider.pagerduty",
      "instances": [
        {
          "schema_version": 0,
          "attributes": {
            "avatar_url": null,
            "color": "red",
            "description": "Managed by Terraform",
            "email": "cliffjumper@transformers.com",
            "html_url": null,
            "id": "P6WQ6H2",
            "invitation_sent": null,
            "job_title": "Soldier",
            "name": "Cliffjumper",
            "role": "user",
            "teams": [
              "P89YU4V",
              "PSV7VW8"
            ],
            "time_zone": null
          },
          "private": "bnVsbA==",
          "depends_on": [
            "pagerduty_team.autobots",
            "pagerduty_team.transformers"
          ]
        }
      ]
    }
  ]
}
