{
  "version": 4,
  "terraform_version": "0.12.6",
  "serial": 27,
  "lineage": "f0cedde0-156c-df26-8160-ac0a50d34ac4",
  "outputs": {},
  "resources": [
    {
      "mode": "managed",
      "type": "pagerduty_escalation_policy",
      "name": "autobots-esc-policy",
      "provider": "provider.pagerduty",
      "instances": [
        {
          "schema_version": 0,
          "attributes": {
            "description": "Managed by Terraform",
            "id": "PDIURHF",
            "name": "Autobots Policy",
            "num_loops": 5,
            "rule": [
              {
                "escalation_delay_in_minutes": 15,
                "id": "PPXX7FZ",
                "target": [
                  {
                    "id": "PA6ZCNQ",
                    "type": "schedule_reference"
                  }
                ]
              },
              {
                "escalation_delay_in_minutes": 15,
                "id": "P5OL6QJ",
                "target": [
                  {
                    "id": "PQ3U26D",
                    "type": "user_reference"
                  }
                ]
              }
            ],
            "teams": null
          },
          "private": "bnVsbA==",
          "depends_on": [
            "pagerduty_schedule.autobots-schedule",
            "pagerduty_user.optimus_prime"
          ]
        }
      ]
    },
    {
      "mode": "managed",
      "type": "pagerduty_escalation_policy",
      "name": "decepticons-esc-policy",
      "provider": "provider.pagerduty",
      "instances": [
        {
          "schema_version": 0,
          "attributes": {
            "description": "Managed by Terraform",
            "id": "PHUFSX5",
            "name": "Decepticons Policy",
            "num_loops": 5,
            "rule": [
              {
                "escalation_delay_in_minutes": 15,
                "id": "PT6I8UM",
                "target": [
                  {
                    "id": "PWXOBY0",
                    "type": "schedule_reference"
                  }
                ]
              },
              {
                "escalation_delay_in_minutes": 15,
                "id": "P8L9739",
                "target": [
                  {
                    "id": "P9U61UQ",
                    "type": "user_reference"
                  }
                ]
              }
            ],
            "teams": null
          },
          "private": "bnVsbA==",
          "depends_on": [
            "pagerduty_schedule.decepticons-schedule",
            "pagerduty_user.starscream"
          ]
        }
      ]
    },
    {
      "mode": "managed",
      "type": "pagerduty_schedule",
      "name": "autobots-schedule",
      "provider": "provider.pagerduty",
      "instances": [
        {
          "schema_version": 0,
          "attributes": {
            "description": "Managed by Terraform",
            "id": "PA6ZCNQ",
            "layer": [
              {
                "end": "",
                "id": "PACVINC",
                "name": "Layer 1",
                "restriction": [],
                "rotation_turn_length_seconds": 604800,
                "rotation_virtual_start": "2017-06-01T12:00:00-04:00",
                "start": "2019-08-03T17:05:47-04:00",
                "users": [
                  "PLGO6RJ",
                  "PQ3U26D",
                  "PEXC506"
                ]
              }
            ],
            "name": "On-call - Autobots",
            "overflow": null,
            "time_zone": "America/New_York"
          },
          "private": "bnVsbA==",
          "depends_on": [
            "pagerduty_user.grimlock",
            "pagerduty_user.ironhide",
            "pagerduty_user.optimus_prime"
          ]
        }
      ]
    },
    {
      "mode": "managed",
      "type": "pagerduty_schedule",
      "name": "decepticons-schedule",
      "provider": "provider.pagerduty",
      "instances": [
        {
          "schema_version": 0,
          "attributes": {
            "description": "Managed by Terraform",
            "id": "PWXOBY0",
            "layer": [
              {
                "end": "",
                "id": "PPHYG6Z",
                "name": "Layer 1",
                "restriction": [],
                "rotation_turn_length_seconds": 604800,
                "rotation_virtual_start": "2017-06-01T12:00:00-04:00",
                "start": "2019-08-03T17:05:47-04:00",
                "users": [
                  "P9U61UQ",
                  "PTCF2J3",
                  "PXP33YT"
                ]
              }
            ],
            "name": "On-call - Decepticons",
            "overflow": null,
            "time_zone": "America/New_York"
          },
          "private": "bnVsbA==",
          "depends_on": [
            "pagerduty_user.buzzsaw",
            "pagerduty_user.soundwave",
            "pagerduty_user.starscream"
          ]
        }
      ]
    },
    {
      "mode": "managed",
      "type": "pagerduty_service",
      "name": "energon-v1",
      "provider": "provider.pagerduty",
      "instances": [
        {
          "schema_version": 0,
          "attributes": {
            "acknowledgement_timeout": "1800",
            "alert_creation": "create_incidents",
            "auto_resolve_timeout": "14400",
            "created_at": "2019-08-03T17:05:48-04:00",
            "description": "Managed by Terraform",
            "escalation_policy": "PDIURHF",
            "id": "PRYP7GA",
            "incident_urgency_rule": [
              {
                "during_support_hours": [],
                "outside_support_hours": [],
                "type": "constant",
                "urgency": "high"
              }
            ],
            "last_incident_timestamp": "",
            "name": "Energon Service v1",
            "scheduled_actions": [],
            "status": "active",
            "support_hours": []
          },
          "private": "bnVsbA==",
          "depends_on": [
            "pagerduty_escalation_policy.autobots-esc-policy"
          ]
        }
      ]
    },
    {
      "mode": "managed",
      "type": "pagerduty_service",
      "name": "ion-cannon-v1",
      "provider": "provider.pagerduty",
      "instances": [
        {
          "schema_version": 0,
          "attributes": {
            "acknowledgement_timeout": "1800",
            "alert_creation": "create_incidents",
            "auto_resolve_timeout": "14400",
            "created_at": "2019-08-03T17:05:48-04:00",
            "description": "Managed by Terraform",
            "escalation_policy": "PHUFSX5",
            "id": "PV7A8W0",
            "incident_urgency_rule": [
              {
                "during_support_hours": [],
                "outside_support_hours": [],
                "type": "constant",
                "urgency": "high"
              }
            ],
            "last_incident_timestamp": "",
            "name": "Ion Cannon Service v1",
            "scheduled_actions": [],
            "status": "active",
            "support_hours": []
          },
          "private": "bnVsbA==",
          "depends_on": [
            "pagerduty_escalation_policy.decepticons-esc-policy"
          ]
        }
      ]
    },
    {
      "mode": "managed",
      "type": "pagerduty_service",
      "name": "space-bridge-v1",
      "provider": "provider.pagerduty",
      "instances": [
        {
          "schema_version": 0,
          "attributes": {
            "acknowledgement_timeout": "1800",
            "alert_creation": "create_incidents",
            "auto_resolve_timeout": "14400",
            "created_at": "2019-08-03T17:05:48-04:00",
            "description": "Managed by Terraform",
            "escalation_policy": "PHUFSX5",
            "id": "PYGL98Q",
            "incident_urgency_rule": [
              {
                "during_support_hours": [],
                "outside_support_hours": [],
                "type": "constant",
                "urgency": "high"
              }
            ],
            "last_incident_timestamp": "",
            "name": "Space Bridge Service v1",
            "scheduled_actions": [],
            "status": "active",
            "support_hours": []
          },
          "private": "bnVsbA==",
          "depends_on": [
            "pagerduty_escalation_policy.decepticons-esc-policy"
          ]
        }
      ]
    },
    {
      "mode": "managed",
      "type": "pagerduty_team",
      "name": "autobots",
      "provider": "provider.pagerduty",
      "instances": [
        {
          "schema_version": 0,
          "attributes": {
            "description": "Managed by Terraform",
            "id": "PJK8SMM",
            "name": "Autobots"
          }
        }
      ]
    },
    {
      "mode": "managed",
      "type": "pagerduty_team",
      "name": "decepticons",
      "provider": "provider.pagerduty",
      "instances": [
        {
          "schema_version": 0,
          "attributes": {
            "description": "Managed by Terraform",
            "id": "P10MSCF",
            "name": "Decepticons"
          }
        }
      ]
    },
    {
      "mode": "managed",
      "type": "pagerduty_team",
      "name": "transformers",
      "provider": "provider.pagerduty",
      "instances": [
        {
          "schema_version": 0,
          "attributes": {
            "description": "Managed by Terraform",
            "id": "P4ANTS5",
            "name": "Transformers"
          }
        }
      ]
    },
    {
      "mode": "managed",
      "type": "pagerduty_user",
      "name": "bumblebee",
      "provider": "provider.pagerduty",
      "instances": [
        {
          "schema_version": 0,
          "attributes": {
            "avatar_url": "https://secure.gravatar.com/avatar/765552391ad0fb8d79ae4b017581e56e.png?d=mm\u0026r=PG",
            "color": "orange",
            "description": "Managed by Terraform",
            "email": "bumblebee@transformers.com",
            "html_url": null,
            "id": "P2K264C",
            "invitation_sent": true,
            "job_title": "Soldier",
            "name": "Bumblebee",
            "role": "user",
            "teams": [
              "P4ANTS5",
              "PJK8SMM"
            ],
            "time_zone": "America/New_York"
          },
          "depends_on": [
            "pagerduty_team.autobots",
            "pagerduty_team.transformers"
          ]
        }
      ]
    },
    {
      "mode": "managed",
      "type": "pagerduty_user",
      "name": "buzzsaw",
      "provider": "provider.pagerduty",
      "instances": [
        {
          "schema_version": 0,
          "attributes": {
            "avatar_url": "https://secure.gravatar.com/avatar/93d3fd7e549f39c0b194473cbd3132a8.png?d=mm\u0026r=PG",
            "color": "red",
            "description": "Managed by Terraform",
            "email": "buzzsaw@transformers.com",
            "html_url": null,
            "id": "PXP33YT",
            "invitation_sent": true,
            "job_title": "Cassette Tape",
            "name": "Buzzsaw",
            "role": "user",
            "teams": [
              "P10MSCF",
              "P4ANTS5"
            ],
            "time_zone": "America/New_York"
          },
          "depends_on": [
            "pagerduty_team.decepticons",
            "pagerduty_team.transformers"
          ]
        }
      ]
    },
    {
      "mode": "managed",
      "type": "pagerduty_user",
      "name": "cliffjumper",
      "provider": "provider.pagerduty",
      "instances": [
        {
          "schema_version": 0,
          "attributes": {
            "avatar_url": "https://secure.gravatar.com/avatar/232be3675157ca75e0b07b82d21e1e21.png?d=mm\u0026r=PG",
            "color": "red",
            "description": "Managed by Terraform",
            "email": "cliffjumper@transformers.com",
            "html_url": null,
            "id": "PI705CW",
            "invitation_sent": true,
            "job_title": "Soldier",
            "name": "Cliffjumper",
            "role": "user",
            "teams": [
              "P4ANTS5",
              "PJK8SMM"
            ],
            "time_zone": "America/New_York"
          },
          "depends_on": [
            "pagerduty_team.autobots",
            "pagerduty_team.transformers"
          ]
        }
      ]
    },
    {
      "mode": "managed",
      "type": "pagerduty_user",
      "name": "grimlock",
      "provider": "provider.pagerduty",
      "instances": [
        {
          "schema_version": 0,
          "attributes": {
            "avatar_url": "https://secure.gravatar.com/avatar/7b3423df634e7e880ae9c9be456d4d9e.png?d=mm\u0026r=PG",
            "color": "dark-green",
            "description": "Managed by Terraform",
            "email": "grimlock@transformers.com",
            "html_url": null,
            "id": "PEXC506",
            "invitation_sent": true,
            "job_title": "Dinosaur",
            "name": "Grimlock",
            "role": "user",
            "teams": [
              "P4ANTS5",
              "PJK8SMM"
            ],
            "time_zone": "America/New_York"
          },
          "depends_on": [
            "pagerduty_team.autobots",
            "pagerduty_team.transformers"
          ]
        }
      ]
    },
    {
      "mode": "managed",
      "type": "pagerduty_user",
      "name": "ironhide",
      "provider": "provider.pagerduty",
      "instances": [
        {
          "schema_version": 0,
          "attributes": {
            "avatar_url": "https://secure.gravatar.com/avatar/b25f69106a1f2afd33c8d58681a7ac0c.png?d=mm\u0026r=PG",
            "color": "midnight-blue",
            "description": "Managed by Terraform",
            "email": "ironhide@transformers.com",
            "html_url": null,
            "id": "PLGO6RJ",
            "invitation_sent": true,
            "job_title": "Nissan Vanette",
            "name": "Ironhide",
            "role": "user",
            "teams": [
              "P4ANTS5",
              "PJK8SMM"
            ],
            "time_zone": "America/New_York"
          },
          "depends_on": [
            "pagerduty_team.autobots",
            "pagerduty_team.transformers"
          ]
        }
      ]
    },
    {
      "mode": "managed",
      "type": "pagerduty_user",
      "name": "megatron",
      "provider": "provider.pagerduty",
      "instances": [
        {
          "schema_version": 0,
          "attributes": {
            "avatar_url": "https://secure.gravatar.com/avatar/0fa9ab433d657be63fd5c8a5e6cf4a01.png?d=mm\u0026r=PG",
            "color": "purple",
            "description": "Managed by Terraform",
            "email": "megatron@transformers.com",
            "html_url": null,
            "id": "PALR4NG",
            "invitation_sent": true,
            "job_title": "Evil Genius",
            "name": "Megatron",
            "role": "admin",
            "teams": [
              "P10MSCF",
              "P4ANTS5"
            ],
            "time_zone": "America/New_York"
          },
          "private": "bnVsbA==",
          "depends_on": [
            "pagerduty_team.decepticons",
            "pagerduty_team.transformers"
          ]
        }
      ]
    },
    {
      "mode": "managed",
      "type": "pagerduty_user",
      "name": "optimus_prime",
      "provider": "provider.pagerduty",
      "instances": [
        {
          "schema_version": 0,
          "attributes": {
            "avatar_url": null,
            "color": "dark-red",
            "description": "Managed by Terraform",
            "email": "optimusprime@transformers.com",
            "html_url": null,
            "id": "PQ3U26D",
            "invitation_sent": null,
            "job_title": "Freightliner FL-86",
            "name": "Optimus Prime",
            "role": "admin",
            "teams": [
              "P4ANTS5",
              "PJK8SMM"
            ],
            "time_zone": null
          },
          "private": "bnVsbA==",
          "depends_on": [
            "pagerduty_team.autobots",
            "pagerduty_team.transformers"
          ]
        }
      ]
    },
    {
      "mode": "managed",
      "type": "pagerduty_user",
      "name": "soundwave",
      "provider": "provider.pagerduty",
      "instances": [
        {
          "schema_version": 0,
          "attributes": {
            "avatar_url": "https://secure.gravatar.com/avatar/f5b9ee82effd5bb1518cfe1877703d87.png?d=mm\u0026r=PG",
            "color": "orange",
            "description": "Managed by Terraform",
            "email": "soundwave@transformers.com",
            "html_url": null,
            "id": "PTCF2J3",
            "invitation_sent": true,
            "job_title": "Boom Box",
            "name": "Soundwave",
            "role": "user",
            "teams": [
              "P10MSCF",
              "P4ANTS5"
            ],
            "time_zone": "America/New_York"
          },
          "depends_on": [
            "pagerduty_team.decepticons",
            "pagerduty_team.transformers"
          ]
        }
      ]
    },
    {
      "mode": "managed",
      "type": "pagerduty_user",
      "name": "starscream",
      "provider": "provider.pagerduty",
      "instances": [
        {
          "schema_version": 0,
          "attributes": {
            "avatar_url": null,
            "color": "blue",
            "description": "Managed by Terraform",
            "email": "starscream@transformers.com",
            "html_url": null,
            "id": "P9U61UQ",
            "invitation_sent": null,
            "job_title": "F-15 Eagle",
            "name": "Starscream",
            "role": "admin",
            "teams": [
              "P10MSCF",
              "P4ANTS5"
            ],
            "time_zone": null
          },
          "private": "bnVsbA==",
          "depends_on": [
            "pagerduty_team.decepticons",
            "pagerduty_team.transformers"
          ]
        }
      ]
    }
  ]
}
