{
  "version": 4,
  "terraform_version": "0.12.6",
  "serial": 522,
  "lineage": "f0cedde0-156c-df26-8160-ac0a50d34ac4",
  "outputs": {},
  "resources": [
    {
      "mode": "managed",
      "type": "pagerduty_escalation_policy",
      "name": "autobots-esc-policy",
      "provider": "provider.pagerduty",
      "instances": [
        {
          "schema_version": 0,
          "attributes": {
            "description": "Managed by Terraform",
            "id": "PM2M4R0",
            "name": "Autobots Policy",
            "num_loops": 5,
            "rule": [
              {
                "escalation_delay_in_minutes": 15,
                "id": "PQWULM8",
                "target": [
                  {
                    "id": "PPU49TA",
                    "type": "schedule_reference"
                  }
                ]
              },
              {
                "escalation_delay_in_minutes": 15,
                "id": "P9K6L9I",
                "target": [
                  {
                    "id": "PEJGBH8",
                    "type": "user_reference"
                  }
                ]
              }
            ],
            "teams": null
          },
          "private": "bnVsbA==",
          "depends_on": [
            "pagerduty_schedule.autobots-schedule",
            "pagerduty_user.optimus_prime"
          ]
        }
      ]
    },
    {
      "mode": "managed",
      "type": "pagerduty_escalation_policy",
      "name": "decepticons-esc-policy",
      "provider": "provider.pagerduty",
      "instances": [
        {
          "schema_version": 0,
          "attributes": {
            "description": "Managed by Terraform",
            "id": "PEHQ2MN",
            "name": "Decepticons Policy",
            "num_loops": 5,
            "rule": [
              {
                "escalation_delay_in_minutes": 15,
                "id": "PLXGK5P",
                "target": [
                  {
                    "id": "P8HG8EN",
                    "type": "schedule_reference"
                  }
                ]
              },
              {
                "escalation_delay_in_minutes": 15,
                "id": "PHLVJSM",
                "target": [
                  {
                    "id": "PBNVB4I",
                    "type": "user_reference"
                  }
                ]
              }
            ],
            "teams": null
          },
          "private": "bnVsbA==",
          "depends_on": [
            "pagerduty_schedule.decepticons-schedule",
            "pagerduty_user.starscream"
          ]
        }
      ]
    },
    {
      "mode": "managed",
      "type": "pagerduty_escalation_policy",
      "name": "noc-ep",
      "provider": "provider.pagerduty",
      "instances": [
        {
          "schema_version": 0,
          "attributes": {
            "description": "Managed by Terraform",
            "id": "P6G14G6",
            "name": "NOC EP",
            "num_loops": 5,
            "rule": [
              {
                "escalation_delay_in_minutes": 5,
                "id": "PM9P37R",
                "target": [
                  {
                    "id": "PAP1OXD",
                    "type": "schedule_reference"
                  }
                ]
              },
              {
                "escalation_delay_in_minutes": 5,
                "id": "PIA12V1",
                "target": [
                  {
                    "id": "PAP1OXD",
                    "type": "schedule_reference"
                  },
                  {
                    "id": "PT3SN60",
                    "type": "schedule_reference"
                  }
                ]
              },
              {
                "escalation_delay_in_minutes": 5,
                "id": "PF0D1FB",
                "target": [
                  {
                    "id": "PAP1OXD",
                    "type": "schedule_reference"
                  },
                  {
                    "id": "PT3SN60",
                    "type": "schedule_reference"
                  },
                  {
                    "id": "PJ7ZIYA",
                    "type": "user_reference"
                  }
                ]
              }
            ],
            "teams": null
          },
          "private": "bnVsbA==",
          "depends_on": [
            "pagerduty_schedule.noc-na-schedule",
            "pagerduty_schedule.noc-schedule",
            "pagerduty_user.dan_s"
          ]
        }
      ]
    },
    {
      "mode": "managed",
      "type": "pagerduty_schedule",
      "name": "autobots-schedule",
      "provider": "provider.pagerduty",
      "instances": [
        {
          "schema_version": 0,
          "attributes": {
            "description": "Managed by Terraform",
            "id": "PPU49TA",
            "layer": [
              {
                "end": "",
                "id": "PYIN3X8",
                "name": "Layer 1",
                "restriction": [],
                "rotation_turn_length_seconds": 604800,
                "rotation_virtual_start": "2017-06-01T12:00:00-04:00",
                "start": "2019-08-13T05:30:39-04:00",
                "users": [
                  "P396CLE",
                  "PEJGBH8",
                  "PIW4CWY"
                ]
              }
            ],
            "name": "On-call - Autobots",
            "overflow": null,
            "time_zone": "America/New_York"
          },
          "private": "bnVsbA==",
          "depends_on": [
            "pagerduty_user.grimlock",
            "pagerduty_user.ironhide",
            "pagerduty_user.optimus_prime"
          ]
        }
      ]
    },
    {
      "mode": "managed",
      "type": "pagerduty_schedule",
      "name": "decepticons-schedule",
      "provider": "provider.pagerduty",
      "instances": [
        {
          "schema_version": 0,
          "attributes": {
            "description": "Managed by Terraform",
            "id": "P8HG8EN",
            "layer": [
              {
                "end": "",
                "id": "PO0Q1T5",
                "name": "Layer 1",
                "restriction": [],
                "rotation_turn_length_seconds": 604800,
                "rotation_virtual_start": "2017-06-01T12:00:00-04:00",
                "start": "2019-08-13T05:30:40-04:00",
                "users": [
                  "PBNVB4I",
                  "PU1JZD5",
                  "PQSYZ0F"
                ]
              }
            ],
            "name": "On-call - Decepticons",
            "overflow": null,
            "time_zone": "America/New_York"
          },
          "private": "bnVsbA==",
          "depends_on": [
            "pagerduty_user.buzzsaw",
            "pagerduty_user.soundwave",
            "pagerduty_user.starscream"
          ]
        }
      ]
    },
    {
      "mode": "managed",
      "type": "pagerduty_schedule",
      "name": "noc-na-schedule",
      "provider": "provider.pagerduty",
      "instances": [
        {
          "schema_version": 0,
          "attributes": {
            "description": "Managed by Terraform",
            "id": "PT3SN60",
            "layer": [
              {
                "end": "",
                "id": "PJD75BO",
                "name": "Layer 1",
                "restriction": [],
                "rotation_turn_length_seconds": 604800,
                "rotation_virtual_start": "2019-07-29T12:00:00-04:00",
                "start": "2019-08-13T05:30:38-04:00",
                "users": [
                  "PNUFEQU",
                  "PUDRFF7",
                  "PYPCGUX",
                  "PFYOHJN",
                  "PR43F2H"
                ]
              }
            ],
            "name": "NOC NA on-call",
            "overflow": null,
            "time_zone": "America/New_York"
          },
          "private": "bnVsbA==",
          "depends_on": [
            "pagerduty_user.david_martzall",
            "pagerduty_user.hemanth_shivanna",
            "pagerduty_user.jake_gum",
            "pagerduty_user.jamie_hill",
            "pagerduty_user.nate_crisler"
          ]
        }
      ]
    },
    {
      "mode": "managed",
      "type": "pagerduty_schedule",
      "name": "noc-schedule",
      "provider": "provider.pagerduty",
      "instances": [
        {
          "schema_version": 0,
          "attributes": {
            "description": "Managed by Terraform",
            "id": "PAP1OXD",
            "layer": [
              {
                "end": "",
                "id": "PVKU8JK",
                "name": "Layer 1",
                "restriction": [],
                "rotation_turn_length_seconds": 604800,
                "rotation_virtual_start": "2019-07-29T12:00:00-04:00",
                "start": "2019-08-13T05:30:38-04:00",
                "users": [
                  "P3KBJ0G",
                  "P0OQIOT",
                  "PO6NKSW",
                  "PBM0H6K"
                ]
              }
            ],
            "name": "NOC on-call",
            "overflow": null,
            "time_zone": "America/New_York"
          },
          "private": "bnVsbA==",
          "depends_on": [
            "pagerduty_user.babjan_b",
            "pagerduty_user.kalyan_kota",
            "pagerduty_user.rincy",
            "pagerduty_user.vamsi_g"
          ]
        }
      ]
    },
    {
      "mode": "managed",
      "type": "pagerduty_service",
      "name": "energon-v1",
      "provider": "provider.pagerduty",
      "instances": [
        {
          "schema_version": 0,
          "attributes": {
            "acknowledgement_timeout": "1800",
            "alert_creation": "create_incidents",
            "auto_resolve_timeout": "14400",
            "created_at": "2019-08-13T05:30:41-04:00",
            "description": "Managed by Terraform",
            "escalation_policy": "PM2M4R0",
            "id": "PDMTJ55",
            "incident_urgency_rule": [
              {
                "during_support_hours": [],
                "outside_support_hours": [],
                "type": "constant",
                "urgency": "high"
              }
            ],
            "last_incident_timestamp": "",
            "name": "Energon Service v1",
            "scheduled_actions": [],
            "status": "active",
            "support_hours": []
          },
          "private": "bnVsbA==",
          "depends_on": [
            "pagerduty_escalation_policy.autobots-esc-policy"
          ]
        }
      ]
    },
    {
      "mode": "managed",
      "type": "pagerduty_service",
      "name": "ion-cannon-v1",
      "provider": "provider.pagerduty",
      "instances": [
        {
          "schema_version": 0,
          "attributes": {
            "acknowledgement_timeout": "1800",
            "alert_creation": "create_incidents",
            "auto_resolve_timeout": "14400",
            "created_at": "2019-08-13T05:30:42-04:00",
            "description": "Managed by Terraform",
            "escalation_policy": "PEHQ2MN",
            "id": "PAQ5ISF",
            "incident_urgency_rule": [
              {
                "during_support_hours": [],
                "outside_support_hours": [],
                "type": "constant",
                "urgency": "high"
              }
            ],
            "last_incident_timestamp": "",
            "name": "Ion Cannon Service v1",
            "scheduled_actions": [],
            "status": "active",
            "support_hours": []
          },
          "private": "bnVsbA==",
          "depends_on": [
            "pagerduty_escalation_policy.decepticons-esc-policy"
          ]
        }
      ]
    },
    {
      "mode": "managed",
      "type": "pagerduty_service",
      "name": "space-bridge-v1",
      "provider": "provider.pagerduty",
      "instances": [
        {
          "schema_version": 0,
          "attributes": {
            "acknowledgement_timeout": "1800",
            "alert_creation": "create_incidents",
            "auto_resolve_timeout": "14400",
            "created_at": "2019-08-13T05:30:41-04:00",
            "description": "Managed by Terraform",
            "escalation_policy": "P6G14G6",
            "id": "PHYEJHV",
            "incident_urgency_rule": [
              {
                "during_support_hours": [],
                "outside_support_hours": [],
                "type": "constant",
                "urgency": "high"
              }
            ],
            "last_incident_timestamp": "",
            "name": "Space Bridge Service v1",
            "scheduled_actions": [],
            "status": "active",
            "support_hours": []
          },
          "private": "bnVsbA==",
          "depends_on": [
            "pagerduty_escalation_policy.noc-ep"
          ]
        }
      ]
    },
    {
      "mode": "managed",
      "type": "pagerduty_team",
      "name": "autobots",
      "provider": "provider.pagerduty",
      "instances": [
        {
          "schema_version": 0,
          "attributes": {
            "description": "Managed by Terraform",
            "id": "P36ULD2",
            "name": "Autobots"
          },
          "private": "bnVsbA=="
        }
      ]
    },
    {
      "mode": "managed",
      "type": "pagerduty_team",
      "name": "decepticons",
      "provider": "provider.pagerduty",
      "instances": [
        {
          "schema_version": 0,
          "attributes": {
            "description": "Managed by Terraform",
            "id": "PEH4KYW",
            "name": "Decepticons"
          },
          "private": "bnVsbA=="
        }
      ]
    },
    {
      "mode": "managed",
      "type": "pagerduty_team",
      "name": "noc",
      "provider": "provider.pagerduty",
      "instances": [
        {
          "schema_version": 0,
          "attributes": {
            "description": "Managed by Terraform",
            "id": "P6FFMSS",
            "name": "NOC"
          },
          "private": "bnVsbA=="
        }
      ]
    },
    {
      "mode": "managed",
      "type": "pagerduty_team",
      "name": "noc-na",
      "provider": "provider.pagerduty",
      "instances": [
        {
          "schema_version": 0,
          "attributes": {
            "description": "Managed by Terraform",
            "id": "PM2DM09",
            "name": "NOC NA"
          },
          "private": "bnVsbA=="
        }
      ]
    },
    {
      "mode": "managed",
      "type": "pagerduty_team",
      "name": "transformers",
      "provider": "provider.pagerduty",
      "instances": [
        {
          "schema_version": 0,
          "attributes": {
            "description": "Managed by Terraform",
            "id": "PITSLNJ",
            "name": "Transformers"
          },
          "private": "bnVsbA=="
        }
      ]
    },
    {
      "mode": "managed",
      "type": "pagerduty_user",
      "name": "babjan_b",
      "provider": "provider.pagerduty",
      "instances": [
        {
          "schema_version": 0,
          "attributes": {
            "avatar_url": null,
            "color": null,
            "description": "Managed by Terraform",
            "email": "babjan@kar.com",
            "html_url": null,
            "id": "PO6NKSW",
            "invitation_sent": null,
            "job_title": "NOC",
            "name": "babjan b",
            "role": "admin",
            "teams": [
              "P6FFMSS"
            ],
            "time_zone": null
          },
          "private": "bnVsbA==",
          "depends_on": [
            "pagerduty_team.noc"
          ]
        }
      ]
    },
    {
      "mode": "managed",
      "type": "pagerduty_user",
      "name": "bumblebee",
      "provider": "provider.pagerduty",
      "instances": [
        {
          "schema_version": 0,
          "attributes": {
            "avatar_url": null,
            "color": "orange",
            "description": "Managed by Terraform",
            "email": "bumblebee@transformers.com",
            "html_url": null,
            "id": "PM5SD8L",
            "invitation_sent": null,
            "job_title": "Soldier",
            "name": "Bumblebee",
            "role": "user",
            "teams": [
              "P36ULD2",
              "PITSLNJ"
            ],
            "time_zone": null
          },
          "private": "bnVsbA==",
          "depends_on": [
            "pagerduty_team.autobots",
            "pagerduty_team.transformers"
          ]
        }
      ]
    },
    {
      "mode": "managed",
      "type": "pagerduty_user",
      "name": "buzzsaw",
      "provider": "provider.pagerduty",
      "instances": [
        {
          "schema_version": 0,
          "attributes": {
            "avatar_url": null,
            "color": "red",
            "description": "Managed by Terraform",
            "email": "buzzsaw@transformers.com",
            "html_url": null,
            "id": "PQSYZ0F",
            "invitation_sent": null,
            "job_title": "Cassette Tape",
            "name": "Buzzsaw",
            "role": "user",
            "teams": [
              "PEH4KYW",
              "PITSLNJ"
            ],
            "time_zone": null
          },
          "private": "bnVsbA==",
          "depends_on": [
            "pagerduty_team.decepticons",
            "pagerduty_team.transformers"
          ]
        }
      ]
    },
    {
      "mode": "managed",
      "type": "pagerduty_user",
      "name": "cliffjumper",
      "provider": "provider.pagerduty",
      "instances": [
        {
          "schema_version": 0,
          "attributes": {
            "avatar_url": null,
            "color": "red",
            "description": "Managed by Terraform",
            "email": "cliffjumper@transformers.com",
            "html_url": null,
            "id": "P6IUDB4",
            "invitation_sent": null,
            "job_title": "Soldier",
            "name": "Cliffjumper",
            "role": "user",
            "teams": [
              "P36ULD2",
              "PITSLNJ"
            ],
            "time_zone": null
          },
          "private": "bnVsbA==",
          "depends_on": [
            "pagerduty_team.autobots",
            "pagerduty_team.transformers"
          ]
        }
      ]
    },
    {
      "mode": "managed",
      "type": "pagerduty_user",
      "name": "dan_s",
      "provider": "provider.pagerduty",
      "instances": [
        {
          "schema_version": 0,
          "attributes": {
            "avatar_url": null,
            "color": "dark-slate-blue",
            "description": "Managed by Terraform",
            "email": "dan_s@kar.com",
            "html_url": null,
            "id": "PJ7ZIYA",
            "invitation_sent": null,
            "job_title": "NOC",
            "name": "dan s",
            "role": "admin",
            "teams": [
              "PM2DM09"
            ],
            "time_zone": null
          },
          "private": "bnVsbA==",
          "depends_on": [
            "pagerduty_team.noc-na"
          ]
        }
      ]
    },
    {
      "mode": "managed",
      "type": "pagerduty_user",
      "name": "david_martzall",
      "provider": "provider.pagerduty",
      "instances": [
        {
          "schema_version": 0,
          "attributes": {
            "avatar_url": null,
            "color": "blue",
            "description": "Managed by Terraform",
            "email": "david.martzall@kar.com",
            "html_url": null,
            "id": "PFYOHJN",
            "invitation_sent": null,
            "job_title": "NOC",
            "name": "david martzall",
            "role": "admin",
            "teams": [
              "PM2DM09"
            ],
            "time_zone": null
          },
          "private": "bnVsbA==",
          "depends_on": [
            "pagerduty_team.noc-na"
          ]
        }
      ]
    },
    {
      "mode": "managed",
      "type": "pagerduty_user",
      "name": "grimlock",
      "provider": "provider.pagerduty",
      "instances": [
        {
          "schema_version": 0,
          "attributes": {
            "avatar_url": null,
            "color": "dark-green",
            "description": "Managed by Terraform",
            "email": "grimlock@transformers.com",
            "html_url": null,
            "id": "PIW4CWY",
            "invitation_sent": null,
            "job_title": "Dinosaur",
            "name": "Grimlock",
            "role": "user",
            "teams": [
              "P36ULD2",
              "PITSLNJ"
            ],
            "time_zone": null
          },
          "private": "bnVsbA==",
          "depends_on": [
            "pagerduty_team.autobots",
            "pagerduty_team.transformers"
          ]
        }
      ]
    },
    {
      "mode": "managed",
      "type": "pagerduty_user",
      "name": "hemanth_shivanna",
      "provider": "provider.pagerduty",
      "instances": [
        {
          "schema_version": 0,
          "attributes": {
            "avatar_url": null,
            "color": "purple",
            "description": "Managed by Terraform",
            "email": "hemanth.shivanna@kar.com",
            "html_url": null,
            "id": "PR43F2H",
            "invitation_sent": null,
            "job_title": "NOC",
            "name": "hemanth shivanna",
            "role": "admin",
            "teams": [
              "PM2DM09"
            ],
            "time_zone": null
          },
          "private": "bnVsbA==",
          "depends_on": [
            "pagerduty_team.noc-na"
          ]
        }
      ]
    },
    {
      "mode": "managed",
      "type": "pagerduty_user",
      "name": "ironhide",
      "provider": "provider.pagerduty",
      "instances": [
        {
          "schema_version": 0,
          "attributes": {
            "avatar_url": null,
            "color": "midnight-blue",
            "description": "Managed by Terraform",
            "email": "ironhide@transformers.com",
            "html_url": null,
            "id": "P396CLE",
            "invitation_sent": null,
            "job_title": "Nissan Vanette",
            "name": "Ironhide",
            "role": "user",
            "teams": [
              "P36ULD2",
              "PITSLNJ"
            ],
            "time_zone": null
          },
          "private": "bnVsbA==",
          "depends_on": [
            "pagerduty_team.autobots",
            "pagerduty_team.transformers"
          ]
        }
      ]
    },
    {
      "mode": "managed",
      "type": "pagerduty_user",
      "name": "jake_gum",
      "provider": "provider.pagerduty",
      "instances": [
        {
          "schema_version": 0,
          "attributes": {
            "avatar_url": null,
            "color": "green",
            "description": "Managed by Terraform",
            "email": "jacob.gum@kar.com",
            "html_url": null,
            "id": "PUDRFF7",
            "invitation_sent": null,
            "job_title": "NOC",
            "name": "jake gum",
            "role": "admin",
            "teams": [
              "PM2DM09"
            ],
            "time_zone": null
          },
          "private": "bnVsbA==",
          "depends_on": [
            "pagerduty_team.noc-na"
          ]
        }
      ]
    },
    {
      "mode": "managed",
      "type": "pagerduty_user",
      "name": "jamie_hill",
      "provider": "provider.pagerduty",
      "instances": [
        {
          "schema_version": 0,
          "attributes": {
            "avatar_url": null,
            "color": "dark-red",
            "description": "Managed by Terraform",
            "email": "jamie.hill@kar.com",
            "html_url": null,
            "id": "PNUFEQU",
            "invitation_sent": null,
            "job_title": "NOC",
            "name": "jamie hill",
            "role": "admin",
            "teams": [
              "PM2DM09"
            ],
            "time_zone": null
          },
          "private": "bnVsbA==",
          "depends_on": [
            "pagerduty_team.noc-na"
          ]
        }
      ]
    },
    {
      "mode": "managed",
      "type": "pagerduty_user",
      "name": "kalyan_kota",
      "provider": "provider.pagerduty",
      "instances": [
        {
          "schema_version": 0,
          "attributes": {
            "avatar_url": null,
            "color": null,
            "description": "Managed by Terraform",
            "email": "kalyan@kar.com",
            "html_url": null,
            "id": "P3KBJ0G",
            "invitation_sent": null,
            "job_title": "NOC",
            "name": "kalyan kota",
            "role": "admin",
            "teams": [
              "P6FFMSS"
            ],
            "time_zone": null
          },
          "private": "bnVsbA==",
          "depends_on": [
            "pagerduty_team.noc"
          ]
        }
      ]
    },
    {
      "mode": "managed",
      "type": "pagerduty_user",
      "name": "megatron",
      "provider": "provider.pagerduty",
      "instances": [
        {
          "schema_version": 0,
          "attributes": {
            "avatar_url": null,
            "color": "purple",
            "description": "Managed by Terraform",
            "email": "megatron@transformers.com",
            "html_url": null,
            "id": "PXB7ASV",
            "invitation_sent": null,
            "job_title": "Evil Genius",
            "name": "Megatron",
            "role": "admin",
            "teams": [
              "PEH4KYW",
              "PITSLNJ"
            ],
            "time_zone": null
          },
          "private": "bnVsbA==",
          "depends_on": [
            "pagerduty_team.decepticons",
            "pagerduty_team.transformers"
          ]
        }
      ]
    },
    {
      "mode": "managed",
      "type": "pagerduty_user",
      "name": "nate_crisler",
      "provider": "provider.pagerduty",
      "instances": [
        {
          "schema_version": 0,
          "attributes": {
            "avatar_url": null,
            "color": "dark-orange",
            "description": "Managed by Terraform",
            "email": "nathan.crisler@kkar.com",
            "html_url": null,
            "id": "PYPCGUX",
            "invitation_sent": null,
            "job_title": "NOC",
            "name": "nate crisler",
            "role": "admin",
            "teams": [
              "PM2DM09"
            ],
            "time_zone": null
          },
          "private": "bnVsbA==",
          "depends_on": [
            "pagerduty_team.noc-na"
          ]
        }
      ]
    },
    {
      "mode": "managed",
      "type": "pagerduty_user",
      "name": "optimus_prime",
      "provider": "provider.pagerduty",
      "instances": [
        {
          "schema_version": 0,
          "attributes": {
            "avatar_url": null,
            "color": "dark-red",
            "description": "Managed by Terraform",
            "email": "optimusprime@transformers.com",
            "html_url": null,
            "id": "PEJGBH8",
            "invitation_sent": null,
            "job_title": "Freightliner FL-86",
            "name": "Optimus Prime",
            "role": "admin",
            "teams": [
              "P36ULD2",
              "PITSLNJ"
            ],
            "time_zone": null
          },
          "private": "bnVsbA==",
          "depends_on": [
            "pagerduty_team.autobots",
            "pagerduty_team.transformers"
          ]
        }
      ]
    },
    {
      "mode": "managed",
      "type": "pagerduty_user",
      "name": "ramki",
      "provider": "provider.pagerduty",
      "instances": [
        {
          "schema_version": 0,
          "attributes": {
            "avatar_url": null,
            "color": null,
            "description": "Managed by Terraform",
            "email": "ramki@kar.com",
            "html_url": null,
            "id": "P7WMJD6",
            "invitation_sent": null,
            "job_title": "NOC",
            "name": "ramki",
            "role": "admin",
            "teams": [
              "P6FFMSS"
            ],
            "time_zone": null
          },
          "private": "bnVsbA==",
          "depends_on": [
            "pagerduty_team.noc"
          ]
        }
      ]
    },
    {
      "mode": "managed",
      "type": "pagerduty_user",
      "name": "rincy",
      "provider": "provider.pagerduty",
      "instances": [
        {
          "schema_version": 0,
          "attributes": {
            "avatar_url": null,
            "color": null,
            "description": "Managed by Terraform",
            "email": "rincy@kar.com",
            "html_url": null,
            "id": "PBM0H6K",
            "invitation_sent": null,
            "job_title": "NOC",
            "name": "rincy",
            "role": "admin",
            "teams": [
              "P6FFMSS"
            ],
            "time_zone": null
          },
          "private": "bnVsbA==",
          "depends_on": [
            "pagerduty_team.noc"
          ]
        }
      ]
    },
    {
      "mode": "managed",
      "type": "pagerduty_user",
      "name": "soundwave",
      "provider": "provider.pagerduty",
      "instances": [
        {
          "schema_version": 0,
          "attributes": {
            "avatar_url": null,
            "color": "orange",
            "description": "Managed by Terraform",
            "email": "soundwave@transformers.com",
            "html_url": null,
            "id": "PU1JZD5",
            "invitation_sent": null,
            "job_title": "Boom Box",
            "name": "Soundwave",
            "role": "user",
            "teams": [
              "PEH4KYW",
              "PITSLNJ"
            ],
            "time_zone": null
          },
          "private": "bnVsbA==",
          "depends_on": [
            "pagerduty_team.decepticons",
            "pagerduty_team.transformers"
          ]
        }
      ]
    },
    {
      "mode": "managed",
      "type": "pagerduty_user",
      "name": "starscream",
      "provider": "provider.pagerduty",
      "instances": [
        {
          "schema_version": 0,
          "attributes": {
            "avatar_url": null,
            "color": "blue",
            "description": "Managed by Terraform",
            "email": "starscream@transformers.com",
            "html_url": null,
            "id": "PBNVB4I",
            "invitation_sent": null,
            "job_title": "F-15 Eagle",
            "name": "Starscream",
            "role": "admin",
            "teams": [
              "PEH4KYW",
              "PITSLNJ"
            ],
            "time_zone": null
          },
          "private": "bnVsbA==",
          "depends_on": [
            "pagerduty_team.decepticons",
            "pagerduty_team.transformers"
          ]
        }
      ]
    },
    {
      "mode": "managed",
      "type": "pagerduty_user",
      "name": "vamsi_g",
      "provider": "provider.pagerduty",
      "instances": [
        {
          "schema_version": 0,
          "attributes": {
            "avatar_url": null,
            "color": null,
            "description": "Managed by Terraform",
            "email": "vamsi.g@kar.com",
            "html_url": null,
            "id": "P0OQIOT",
            "invitation_sent": null,
            "job_title": "NOC",
            "name": "vamsi g",
            "role": "admin",
            "teams": [
              "P6FFMSS"
            ],
            "time_zone": null
          },
          "private": "bnVsbA==",
          "depends_on": [
            "pagerduty_team.noc"
          ]
        }
      ]
    }
  ]
}
