{
  "version": 4,
  "terraform_version": "0.12.6",
  "serial": 222,
  "lineage": "f0cedde0-156c-df26-8160-ac0a50d34ac4",
  "outputs": {},
  "resources": [
    {
      "mode": "managed",
      "type": "pagerduty_escalation_policy",
      "name": "autobots-esc-policy",
      "provider": "provider.pagerduty",
      "instances": [
        {
          "schema_version": 0,
          "attributes": {
            "description": "Managed by Terraform",
            "id": "PW3VI0K",
            "name": "Autobots Policy",
            "num_loops": 5,
            "rule": [
              {
                "escalation_delay_in_minutes": 15,
                "id": "PW7S396",
                "target": [
                  {
                    "id": "PFXPF57",
                    "type": "schedule_reference"
                  }
                ]
              },
              {
                "escalation_delay_in_minutes": 15,
                "id": "PSY42WG",
                "target": [
                  {
                    "id": "PTYMKO4",
                    "type": "user_reference"
                  }
                ]
              }
            ],
            "teams": null
          },
          "private": "bnVsbA==",
          "depends_on": [
            "pagerduty_schedule.autobots-schedule",
            "pagerduty_user.optimus_prime"
          ]
        }
      ]
    },
    {
      "mode": "managed",
      "type": "pagerduty_escalation_policy",
      "name": "decepticons-esc-policy",
      "provider": "provider.pagerduty",
      "instances": [
        {
          "schema_version": 0,
          "attributes": {
            "description": "Managed by Terraform",
            "id": "PDP4JSA",
            "name": "Decepticons Policy",
            "num_loops": 5,
            "rule": [
              {
                "escalation_delay_in_minutes": 15,
                "id": "PKBA62Z",
                "target": [
                  {
                    "id": "P0NRFXQ",
                    "type": "schedule_reference"
                  }
                ]
              },
              {
                "escalation_delay_in_minutes": 15,
                "id": "PH2P5Q9",
                "target": [
                  {
                    "id": "PUNV3Q6",
                    "type": "user_reference"
                  }
                ]
              }
            ],
            "teams": null
          },
          "private": "bnVsbA==",
          "depends_on": [
            "pagerduty_schedule.decepticons-schedule",
            "pagerduty_user.starscream"
          ]
        }
      ]
    },
    {
      "mode": "managed",
      "type": "pagerduty_escalation_policy",
      "name": "noc-ep",
      "provider": "provider.pagerduty",
      "instances": [
        {
          "schema_version": 0,
          "attributes": {
            "description": "Managed by Terraform",
            "id": "POHJGZ7",
            "name": "NOC EP",
            "num_loops": 5,
            "rule": [
              {
                "escalation_delay_in_minutes": 5,
                "id": "P4D70SD",
                "target": [
                  {
                    "id": "PJ6AFHX",
                    "type": "schedule_reference"
                  }
                ]
              },
              {
                "escalation_delay_in_minutes": 5,
                "id": "P13IMDQ",
                "target": [
                  {
                    "id": "PJ6AFHX",
                    "type": "schedule_reference"
                  },
                  {
                    "id": "PBL1ESH",
                    "type": "schedule_reference"
                  }
                ]
              },
              {
                "escalation_delay_in_minutes": 5,
                "id": "PK0500X",
                "target": [
                  {
                    "id": "PJ6AFHX",
                    "type": "schedule_reference"
                  },
                  {
                    "id": "PBL1ESH",
                    "type": "schedule_reference"
                  },
                  {
                    "id": "PL10HEI",
                    "type": "user_reference"
                  }
                ]
              }
            ],
            "teams": null
          },
          "private": "bnVsbA==",
          "depends_on": [
            "pagerduty_schedule.noc-na-schedule",
            "pagerduty_schedule.noc-schedule",
            "pagerduty_user.dan_s"
          ]
        }
      ]
    },
    {
      "mode": "managed",
      "type": "pagerduty_schedule",
      "name": "autobots-schedule",
      "provider": "provider.pagerduty",
      "instances": [
        {
          "schema_version": 0,
          "attributes": {
            "description": "Managed by Terraform",
            "id": "PFXPF57",
            "layer": [
              {
                "end": "",
                "id": "PUJ1ADI",
                "name": "Layer 1",
                "restriction": [],
                "rotation_turn_length_seconds": 604800,
                "rotation_virtual_start": "2017-06-01T12:00:00-04:00",
                "start": "2019-08-04T19:32:17-04:00",
                "users": [
                  "PI3804X",
                  "PTYMKO4",
                  "PAHYLCH"
                ]
              }
            ],
            "name": "On-call - Autobots",
            "overflow": null,
            "time_zone": "America/New_York"
          },
          "private": "bnVsbA==",
          "depends_on": [
            "pagerduty_user.grimlock",
            "pagerduty_user.ironhide",
            "pagerduty_user.optimus_prime"
          ]
        }
      ]
    },
    {
      "mode": "managed",
      "type": "pagerduty_schedule",
      "name": "decepticons-schedule",
      "provider": "provider.pagerduty",
      "instances": [
        {
          "schema_version": 0,
          "attributes": {
            "description": "Managed by Terraform",
            "id": "P0NRFXQ",
            "layer": [
              {
                "end": "",
                "id": "P43ODMU",
                "name": "Layer 1",
                "restriction": [],
                "rotation_turn_length_seconds": 604800,
                "rotation_virtual_start": "2017-06-01T12:00:00-04:00",
                "start": "2019-08-04T19:32:07-04:00",
                "users": [
                  "PUNV3Q6",
                  "PBW44EJ",
                  "PF5S5U9"
                ]
              }
            ],
            "name": "On-call - Decepticons",
            "overflow": null,
            "time_zone": "America/New_York"
          },
          "private": "bnVsbA==",
          "depends_on": [
            "pagerduty_user.buzzsaw",
            "pagerduty_user.soundwave",
            "pagerduty_user.starscream"
          ]
        }
      ]
    },
    {
      "mode": "managed",
      "type": "pagerduty_schedule",
      "name": "noc-na-schedule",
      "provider": "provider.pagerduty",
      "instances": [
        {
          "schema_version": 0,
          "attributes": {
            "description": "Managed by Terraform",
            "id": "PBL1ESH",
            "layer": [
              {
                "end": "",
                "id": "P714YZF",
                "name": "Layer 1",
                "restriction": [],
                "rotation_turn_length_seconds": 604800,
                "rotation_virtual_start": "2019-07-29T12:00:00-04:00",
                "start": "2019-08-04T19:32:18-04:00",
                "users": [
                  "P24EHUB",
                  "PPMBJYE",
                  "P9QQIJR",
                  "PHRCH2V",
                  "P5E2I71"
                ]
              }
            ],
            "name": "NOC NA on-call",
            "overflow": null,
            "time_zone": "America/New_York"
          },
          "private": "bnVsbA==",
          "depends_on": [
            "pagerduty_user.david_martzall",
            "pagerduty_user.hemanth_shivanna",
            "pagerduty_user.jake_gum",
            "pagerduty_user.jamie_hill",
            "pagerduty_user.nate_crisler"
          ]
        }
      ]
    },
    {
      "mode": "managed",
      "type": "pagerduty_schedule",
      "name": "noc-schedule",
      "provider": "provider.pagerduty",
      "instances": [
        {
          "schema_version": 0,
          "attributes": {
            "description": "Managed by Terraform",
            "id": "PJ6AFHX",
            "layer": [
              {
                "end": "",
                "id": "PFDLCHL",
                "name": "Layer 1",
                "restriction": [],
                "rotation_turn_length_seconds": 604800,
                "rotation_virtual_start": "2019-07-29T12:00:00-04:00",
                "start": "2019-08-04T19:32:08-04:00",
                "users": [
                  "PN1J1LT",
                  "P6SY193",
                  "PLCW0GK",
                  "P2GN0WD"
                ]
              }
            ],
            "name": "NOC on-call",
            "overflow": null,
            "time_zone": "America/New_York"
          },
          "private": "bnVsbA==",
          "depends_on": [
            "pagerduty_user.babjan_b",
            "pagerduty_user.kalyan_kota",
            "pagerduty_user.rincy",
            "pagerduty_user.vamsi_g"
          ]
        }
      ]
    },
    {
      "mode": "managed",
      "type": "pagerduty_service",
      "name": "energon-v1",
      "provider": "provider.pagerduty",
      "instances": [
        {
          "schema_version": 0,
          "attributes": {
            "acknowledgement_timeout": "1800",
            "alert_creation": "create_incidents",
            "auto_resolve_timeout": "14400",
            "created_at": "2019-08-04T19:32:19-04:00",
            "description": "Managed by Terraform",
            "escalation_policy": "PW3VI0K",
            "id": "PKOIRNP",
            "incident_urgency_rule": [
              {
                "during_support_hours": [],
                "outside_support_hours": [],
                "type": "constant",
                "urgency": "high"
              }
            ],
            "last_incident_timestamp": "",
            "name": "Energon Service v1",
            "scheduled_actions": [],
            "status": "active",
            "support_hours": []
          },
          "private": "bnVsbA==",
          "depends_on": [
            "pagerduty_escalation_policy.autobots-esc-policy"
          ]
        }
      ]
    },
    {
      "mode": "managed",
      "type": "pagerduty_service",
      "name": "ion-cannon-v1",
      "provider": "provider.pagerduty",
      "instances": [
        {
          "schema_version": 0,
          "attributes": {
            "acknowledgement_timeout": "1800",
            "alert_creation": "create_incidents",
            "auto_resolve_timeout": "14400",
            "created_at": "2019-08-04T19:32:09-04:00",
            "description": "Managed by Terraform",
            "escalation_policy": "PDP4JSA",
            "id": "P1SZR05",
            "incident_urgency_rule": [
              {
                "during_support_hours": [],
                "outside_support_hours": [],
                "type": "constant",
                "urgency": "high"
              }
            ],
            "last_incident_timestamp": "",
            "name": "Ion Cannon Service v1",
            "scheduled_actions": [],
            "status": "active",
            "support_hours": []
          },
          "private": "bnVsbA==",
          "depends_on": [
            "pagerduty_escalation_policy.decepticons-esc-policy"
          ]
        }
      ]
    },
    {
      "mode": "managed",
      "type": "pagerduty_service",
      "name": "space-bridge-v1",
      "provider": "provider.pagerduty",
      "instances": [
        {
          "schema_version": 0,
          "attributes": {
            "acknowledgement_timeout": "1800",
            "alert_creation": "create_incidents",
            "auto_resolve_timeout": "14400",
            "created_at": "2019-08-04T19:32:20-04:00",
            "description": "Managed by Terraform",
            "escalation_policy": "POHJGZ7",
            "id": "PGCXQXM",
            "incident_urgency_rule": [
              {
                "during_support_hours": [],
                "outside_support_hours": [],
                "type": "constant",
                "urgency": "high"
              }
            ],
            "last_incident_timestamp": "",
            "name": "Space Bridge Service v1",
            "scheduled_actions": [],
            "status": "active",
            "support_hours": []
          },
          "private": "bnVsbA==",
          "depends_on": [
            "pagerduty_escalation_policy.noc-ep"
          ]
        }
      ]
    },
    {
      "mode": "managed",
      "type": "pagerduty_team",
      "name": "autobots",
      "provider": "provider.pagerduty",
      "instances": [
        {
          "schema_version": 0,
          "attributes": {
            "description": "Managed by Terraform",
            "id": "P1K9F6K",
            "name": "Autobots"
          },
          "private": "bnVsbA=="
        }
      ]
    },
    {
      "mode": "managed",
      "type": "pagerduty_team",
      "name": "decepticons",
      "provider": "provider.pagerduty",
      "instances": [
        {
          "schema_version": 0,
          "attributes": {
            "description": "Managed by Terraform",
            "id": "P95IGYA",
            "name": "Decepticons"
          },
          "private": "bnVsbA=="
        }
      ]
    },
    {
      "mode": "managed",
      "type": "pagerduty_team",
      "name": "noc",
      "provider": "provider.pagerduty",
      "instances": [
        {
          "schema_version": 0,
          "attributes": {
            "description": "Managed by Terraform",
            "id": "P5WXFJN",
            "name": "NOC"
          },
          "private": "bnVsbA=="
        }
      ]
    },
    {
      "mode": "managed",
      "type": "pagerduty_team",
      "name": "noc-na",
      "provider": "provider.pagerduty",
      "instances": [
        {
          "schema_version": 0,
          "attributes": {
            "description": "Managed by Terraform",
            "id": "PKGVFU4",
            "name": "NOC NA"
          },
          "private": "bnVsbA=="
        }
      ]
    },
    {
      "mode": "managed",
      "type": "pagerduty_team",
      "name": "transformers",
      "provider": "provider.pagerduty",
      "instances": [
        {
          "schema_version": 0,
          "attributes": {
            "description": "Managed by Terraform",
            "id": "PPF6HO0",
            "name": "Transformers"
          },
          "private": "bnVsbA=="
        }
      ]
    },
    {
      "mode": "managed",
      "type": "pagerduty_user",
      "name": "babjan_b",
      "provider": "provider.pagerduty",
      "instances": [
        {
          "schema_version": 0,
          "attributes": {
            "avatar_url": null,
            "color": null,
            "description": "Managed by Terraform",
            "email": "babjan@kar.com",
            "html_url": null,
            "id": "PLCW0GK",
            "invitation_sent": null,
            "job_title": "NOC",
            "name": "babjan b",
            "role": "admin",
            "teams": [
              "P5WXFJN"
            ],
            "time_zone": null
          },
          "private": "bnVsbA==",
          "depends_on": [
            "pagerduty_team.noc"
          ]
        }
      ]
    },
    {
      "mode": "managed",
      "type": "pagerduty_user",
      "name": "bumblebee",
      "provider": "provider.pagerduty",
      "instances": [
        {
          "schema_version": 0,
          "attributes": {
            "avatar_url": null,
            "color": "orange",
            "description": "Managed by Terraform",
            "email": "bumblebee@transformers.com",
            "html_url": null,
            "id": "PETJMS7",
            "invitation_sent": null,
            "job_title": "Soldier",
            "name": "Bumblebee",
            "role": "user",
            "teams": [
              "P1K9F6K",
              "PPF6HO0"
            ],
            "time_zone": null
          },
          "private": "bnVsbA==",
          "depends_on": [
            "pagerduty_team.autobots",
            "pagerduty_team.transformers"
          ]
        }
      ]
    },
    {
      "mode": "managed",
      "type": "pagerduty_user",
      "name": "buzzsaw",
      "provider": "provider.pagerduty",
      "instances": [
        {
          "schema_version": 0,
          "attributes": {
            "avatar_url": null,
            "color": "red",
            "description": "Managed by Terraform",
            "email": "buzzsaw@transformers.com",
            "html_url": null,
            "id": "PF5S5U9",
            "invitation_sent": null,
            "job_title": "Cassette Tape",
            "name": "Buzzsaw",
            "role": "user",
            "teams": [
              "P95IGYA",
              "PPF6HO0"
            ],
            "time_zone": null
          },
          "private": "bnVsbA==",
          "depends_on": [
            "pagerduty_team.decepticons",
            "pagerduty_team.transformers"
          ]
        }
      ]
    },
    {
      "mode": "managed",
      "type": "pagerduty_user",
      "name": "cliffjumper",
      "provider": "provider.pagerduty",
      "instances": [
        {
          "schema_version": 0,
          "attributes": {
            "avatar_url": null,
            "color": "red",
            "description": "Managed by Terraform",
            "email": "cliffjumper@transformers.com",
            "html_url": null,
            "id": "PX8NL0U",
            "invitation_sent": null,
            "job_title": "Soldier",
            "name": "Cliffjumper",
            "role": "user",
            "teams": [
              "P1K9F6K",
              "PPF6HO0"
            ],
            "time_zone": null
          },
          "private": "bnVsbA==",
          "depends_on": [
            "pagerduty_team.autobots",
            "pagerduty_team.transformers"
          ]
        }
      ]
    },
    {
      "mode": "managed",
      "type": "pagerduty_user",
      "name": "dan_s",
      "provider": "provider.pagerduty",
      "instances": [
        {
          "schema_version": 0,
          "attributes": {
            "avatar_url": null,
            "color": "dark-slate-blue",
            "description": "Managed by Terraform",
            "email": "dan_s@kar.com",
            "html_url": null,
            "id": "PL10HEI",
            "invitation_sent": null,
            "job_title": "NOC",
            "name": "dan s",
            "role": "admin",
            "teams": [
              "PKGVFU4"
            ],
            "time_zone": null
          },
          "private": "bnVsbA==",
          "depends_on": [
            "pagerduty_team.noc-na"
          ]
        }
      ]
    },
    {
      "mode": "managed",
      "type": "pagerduty_user",
      "name": "david_martzall",
      "provider": "provider.pagerduty",
      "instances": [
        {
          "schema_version": 0,
          "attributes": {
            "avatar_url": null,
            "color": "blue",
            "description": "Managed by Terraform",
            "email": "david.martzall@kar.com",
            "html_url": null,
            "id": "PHRCH2V",
            "invitation_sent": null,
            "job_title": "NOC",
            "name": "david martzall",
            "role": "admin",
            "teams": [
              "PKGVFU4"
            ],
            "time_zone": null
          },
          "private": "bnVsbA==",
          "depends_on": [
            "pagerduty_team.noc-na"
          ]
        }
      ]
    },
    {
      "mode": "managed",
      "type": "pagerduty_user",
      "name": "grimlock",
      "provider": "provider.pagerduty",
      "instances": [
        {
          "schema_version": 0,
          "attributes": {
            "avatar_url": null,
            "color": "dark-green",
            "description": "Managed by Terraform",
            "email": "grimlock@transformers.com",
            "html_url": null,
            "id": "PAHYLCH",
            "invitation_sent": null,
            "job_title": "Dinosaur",
            "name": "Grimlock",
            "role": "user",
            "teams": [
              "P1K9F6K",
              "PPF6HO0"
            ],
            "time_zone": null
          },
          "private": "bnVsbA==",
          "depends_on": [
            "pagerduty_team.autobots",
            "pagerduty_team.transformers"
          ]
        }
      ]
    },
    {
      "mode": "managed",
      "type": "pagerduty_user",
      "name": "hemanth_shivanna",
      "provider": "provider.pagerduty",
      "instances": [
        {
          "schema_version": 0,
          "attributes": {
            "avatar_url": null,
            "color": "purple",
            "description": "Managed by Terraform",
            "email": "hemanth.shivanna@kar.com",
            "html_url": null,
            "id": "P5E2I71",
            "invitation_sent": null,
            "job_title": "NOC",
            "name": "hemanth shivanna",
            "role": "admin",
            "teams": [
              "PKGVFU4"
            ],
            "time_zone": null
          },
          "private": "bnVsbA==",
          "depends_on": [
            "pagerduty_team.noc-na"
          ]
        }
      ]
    },
    {
      "mode": "managed",
      "type": "pagerduty_user",
      "name": "ironhide",
      "provider": "provider.pagerduty",
      "instances": [
        {
          "schema_version": 0,
          "attributes": {
            "avatar_url": null,
            "color": "midnight-blue",
            "description": "Managed by Terraform",
            "email": "ironhide@transformers.com",
            "html_url": null,
            "id": "PI3804X",
            "invitation_sent": null,
            "job_title": "Nissan Vanette",
            "name": "Ironhide",
            "role": "user",
            "teams": [
              "P1K9F6K",
              "PPF6HO0"
            ],
            "time_zone": null
          },
          "private": "bnVsbA==",
          "depends_on": [
            "pagerduty_team.autobots",
            "pagerduty_team.transformers"
          ]
        }
      ]
    },
    {
      "mode": "managed",
      "type": "pagerduty_user",
      "name": "jake_gum",
      "provider": "provider.pagerduty",
      "instances": [
        {
          "schema_version": 0,
          "attributes": {
            "avatar_url": null,
            "color": "green",
            "description": "Managed by Terraform",
            "email": "jacob.gum@kar.com",
            "html_url": null,
            "id": "PPMBJYE",
            "invitation_sent": null,
            "job_title": "NOC",
            "name": "jake gum",
            "role": "admin",
            "teams": [
              "PKGVFU4"
            ],
            "time_zone": null
          },
          "private": "bnVsbA==",
          "depends_on": [
            "pagerduty_team.noc-na"
          ]
        }
      ]
    },
    {
      "mode": "managed",
      "type": "pagerduty_user",
      "name": "jamie_hill",
      "provider": "provider.pagerduty",
      "instances": [
        {
          "schema_version": 0,
          "attributes": {
            "avatar_url": null,
            "color": "dark-red",
            "description": "Managed by Terraform",
            "email": "jamie.hill@kar.com",
            "html_url": null,
            "id": "P24EHUB",
            "invitation_sent": null,
            "job_title": "NOC",
            "name": "jamie hill",
            "role": "admin",
            "teams": [
              "PKGVFU4"
            ],
            "time_zone": null
          },
          "private": "bnVsbA==",
          "depends_on": [
            "pagerduty_team.noc-na"
          ]
        }
      ]
    },
    {
      "mode": "managed",
      "type": "pagerduty_user",
      "name": "kalyan_kota",
      "provider": "provider.pagerduty",
      "instances": [
        {
          "schema_version": 0,
          "attributes": {
            "avatar_url": null,
            "color": null,
            "description": "Managed by Terraform",
            "email": "kalyan@kar.com",
            "html_url": null,
            "id": "PN1J1LT",
            "invitation_sent": null,
            "job_title": "NOC",
            "name": "kalyan kota",
            "role": "admin",
            "teams": [
              "P5WXFJN"
            ],
            "time_zone": null
          },
          "private": "bnVsbA==",
          "depends_on": [
            "pagerduty_team.noc"
          ]
        }
      ]
    },
    {
      "mode": "managed",
      "type": "pagerduty_user",
      "name": "megatron",
      "provider": "provider.pagerduty",
      "instances": [
        {
          "schema_version": 0,
          "attributes": {
            "avatar_url": null,
            "color": "purple",
            "description": "Managed by Terraform",
            "email": "megatron@transformers.com",
            "html_url": null,
            "id": "PQB72AG",
            "invitation_sent": null,
            "job_title": "Evil Genius",
            "name": "Megatron",
            "role": "admin",
            "teams": [
              "P95IGYA",
              "PPF6HO0"
            ],
            "time_zone": null
          },
          "private": "bnVsbA==",
          "depends_on": [
            "pagerduty_team.decepticons",
            "pagerduty_team.transformers"
          ]
        }
      ]
    },
    {
      "mode": "managed",
      "type": "pagerduty_user",
      "name": "nate_crisler",
      "provider": "provider.pagerduty",
      "instances": [
        {
          "schema_version": 0,
          "attributes": {
            "avatar_url": null,
            "color": "dark-orange",
            "description": "Managed by Terraform",
            "email": "nathan.crisler@kkar.com",
            "html_url": null,
            "id": "P9QQIJR",
            "invitation_sent": null,
            "job_title": "NOC",
            "name": "nate crisler",
            "role": "admin",
            "teams": [
              "PKGVFU4"
            ],
            "time_zone": null
          },
          "private": "bnVsbA==",
          "depends_on": [
            "pagerduty_team.noc-na"
          ]
        }
      ]
    },
    {
      "mode": "managed",
      "type": "pagerduty_user",
      "name": "optimus_prime",
      "provider": "provider.pagerduty",
      "instances": [
        {
          "schema_version": 0,
          "attributes": {
            "avatar_url": null,
            "color": "dark-red",
            "description": "Managed by Terraform",
            "email": "optimusprime@transformers.com",
            "html_url": null,
            "id": "PTYMKO4",
            "invitation_sent": null,
            "job_title": "Freightliner FL-86",
            "name": "Optimus Prime",
            "role": "admin",
            "teams": [
              "P1K9F6K",
              "PPF6HO0"
            ],
            "time_zone": null
          },
          "private": "bnVsbA==",
          "depends_on": [
            "pagerduty_team.autobots",
            "pagerduty_team.transformers"
          ]
        }
      ]
    },
    {
      "mode": "managed",
      "type": "pagerduty_user",
      "name": "rincy",
      "provider": "provider.pagerduty",
      "instances": [
        {
          "schema_version": 0,
          "attributes": {
            "avatar_url": null,
            "color": null,
            "description": "Managed by Terraform",
            "email": "rincy@kar.com",
            "html_url": null,
            "id": "P2GN0WD",
            "invitation_sent": null,
            "job_title": "NOC",
            "name": "rincy",
            "role": "admin",
            "teams": [
              "P5WXFJN"
            ],
            "time_zone": null
          },
          "private": "bnVsbA==",
          "depends_on": [
            "pagerduty_team.noc"
          ]
        }
      ]
    },
    {
      "mode": "managed",
      "type": "pagerduty_user",
      "name": "soundwave",
      "provider": "provider.pagerduty",
      "instances": [
        {
          "schema_version": 0,
          "attributes": {
            "avatar_url": null,
            "color": "orange",
            "description": "Managed by Terraform",
            "email": "soundwave@transformers.com",
            "html_url": null,
            "id": "PBW44EJ",
            "invitation_sent": null,
            "job_title": "Boom Box",
            "name": "Soundwave",
            "role": "user",
            "teams": [
              "P95IGYA",
              "PPF6HO0"
            ],
            "time_zone": null
          },
          "private": "bnVsbA==",
          "depends_on": [
            "pagerduty_team.decepticons",
            "pagerduty_team.transformers"
          ]
        }
      ]
    },
    {
      "mode": "managed",
      "type": "pagerduty_user",
      "name": "starscream",
      "provider": "provider.pagerduty",
      "instances": [
        {
          "schema_version": 0,
          "attributes": {
            "avatar_url": null,
            "color": "blue",
            "description": "Managed by Terraform",
            "email": "starscream@transformers.com",
            "html_url": null,
            "id": "PUNV3Q6",
            "invitation_sent": null,
            "job_title": "F-15 Eagle",
            "name": "Starscream",
            "role": "admin",
            "teams": [
              "P95IGYA",
              "PPF6HO0"
            ],
            "time_zone": null
          },
          "private": "bnVsbA==",
          "depends_on": [
            "pagerduty_team.decepticons",
            "pagerduty_team.transformers"
          ]
        }
      ]
    },
    {
      "mode": "managed",
      "type": "pagerduty_user",
      "name": "vamsi_g",
      "provider": "provider.pagerduty",
      "instances": [
        {
          "schema_version": 0,
          "attributes": {
            "avatar_url": null,
            "color": null,
            "description": "Managed by Terraform",
            "email": "vamsi.g@kkar.com",
            "html_url": null,
            "id": "P6SY193",
            "invitation_sent": null,
            "job_title": "NOC",
            "name": "vamsi g",
            "role": "admin",
            "teams": [
              "P5WXFJN"
            ],
            "time_zone": null
          },
          "private": "bnVsbA==",
          "depends_on": [
            "pagerduty_team.noc"
          ]
        }
      ]
    }
  ]
}
